// !$*UTF8*$!
{
	archiveVersion = 1;
	classes = {
	};
	objectVersion = 46;
	objects = {

/* Begin PBXBuildFile section */
		3E1B74F21D5B47D6AA25C09F /* libPods.a in Frameworks */ = {isa = PBXBuildFile; fileRef = C6BE3AFEA8E14D0F99A78F10 /* libPods.a */; };
		7BD0BC7F5AD643A5B36AFB72 /* libPods-KPSDKTests.a in Frameworks */ = {isa = PBXBuildFile; fileRef = 6B9780D5C7AD437C982A66FB /* libPods-KPSDKTests.a */; };
		BF77DD7019A7980A00E3900C /* Foundation.framework in Frameworks */ = {isa = PBXBuildFile; fileRef = BF77DD6F19A7980A00E3900C /* Foundation.framework */; };
		BF77DD7519A7980A00E3900C /* KPSDK.h in CopyFiles */ = {isa = PBXBuildFile; fileRef = BF77DD7419A7980A00E3900C /* KPSDK.h */; };
		BF77DD7E19A7980A00E3900C /* XCTest.framework in Frameworks */ = {isa = PBXBuildFile; fileRef = BF77DD7D19A7980A00E3900C /* XCTest.framework */; };
		BF77DD7F19A7980A00E3900C /* Foundation.framework in Frameworks */ = {isa = PBXBuildFile; fileRef = BF77DD6F19A7980A00E3900C /* Foundation.framework */; };
		BF77DD8119A7980A00E3900C /* UIKit.framework in Frameworks */ = {isa = PBXBuildFile; fileRef = BF77DD8019A7980A00E3900C /* UIKit.framework */; };
		BF77DD8419A7980A00E3900C /* libKPSDK.a in Frameworks */ = {isa = PBXBuildFile; fileRef = BF77DD6C19A7980A00E3900C /* libKPSDK.a */; };
		BF77DD8A19A7980A00E3900C /* InfoPlist.strings in Resources */ = {isa = PBXBuildFile; fileRef = BF77DD8819A7980A00E3900C /* InfoPlist.strings */; };
		BF77DD8C19A7980A00E3900C /* KPSDKTests.m in Sources */ = {isa = PBXBuildFile; fileRef = BF77DD8B19A7980A00E3900C /* KPSDKTests.m */; };
		BF77DD9719A7A7B700E3900C /* KPObject.m in Sources */ = {isa = PBXBuildFile; fileRef = BF77DD9619A7A7B700E3900C /* KPObject.m */; };
		BF7CEF9719A7B3AB006C28CB /* KPObjectTests.m in Sources */ = {isa = PBXBuildFile; fileRef = BF7CEF9619A7B3AB006C28CB /* KPObjectTests.m */; };
		BF7CEF9919A814DB006C28CB /* KPSDK.m in Sources */ = {isa = PBXBuildFile; fileRef = BF7CEF9819A814DB006C28CB /* KPSDK.m */; };
		BF7CEF9E19A81657006C28CB /* KPDefines.m in Sources */ = {isa = PBXBuildFile; fileRef = BF7CEF9D19A81657006C28CB /* KPDefines.m */; };
		BF7CEFA119A81B9D006C28CB /* KPHTTPClient.m in Sources */ = {isa = PBXBuildFile; fileRef = BF7CEFA019A81B9D006C28CB /* KPHTTPClient.m */; };
		BF7CEFA319A8439F006C28CB /* KPHTTPClientTests.m in Sources */ = {isa = PBXBuildFile; fileRef = BF7CEFA219A8439F006C28CB /* KPHTTPClientTests.m */; };
		BFC2950C19A850B3007E9BCD /* KPDefines.h in Headers */ = {isa = PBXBuildFile; fileRef = BF7CEF9C19A81657006C28CB /* KPDefines.h */; };
		BFC2950D19A850B3007E9BCD /* KPSDK.h in Headers */ = {isa = PBXBuildFile; fileRef = BF77DD7419A7980A00E3900C /* KPSDK.h */; };
		BFC2950E19A850B3007E9BCD /* KPHTTPClient.h in Headers */ = {isa = PBXBuildFile; fileRef = BF7CEF9F19A81B9D006C28CB /* KPHTTPClient.h */; };
		BFC2950F19A850B3007E9BCD /* KPObject.h in Headers */ = {isa = PBXBuildFile; fileRef = BF77DD9519A7A7B700E3900C /* KPObject.h */; };
		BFC2951219A86CD3007E9BCD /* KPCategory.h in Headers */ = {isa = PBXBuildFile; fileRef = BFC2951019A86CD3007E9BCD /* KPCategory.h */; };
		BFC2951319A86CD3007E9BCD /* KPCategory.m in Sources */ = {isa = PBXBuildFile; fileRef = BFC2951119A86CD3007E9BCD /* KPCategory.m */; };
		BFC2951719A8729C007E9BCD /* KPCategoryTests.m in Sources */ = {isa = PBXBuildFile; fileRef = BFC2951619A8729C007E9BCD /* KPCategoryTests.m */; };
		BFC2951A19A88012007E9BCD /* KPArticle.h in Headers */ = {isa = PBXBuildFile; fileRef = BFC2951819A88012007E9BCD /* KPArticle.h */; };
		BFC2951B19A88012007E9BCD /* KPArticle.m in Sources */ = {isa = PBXBuildFile; fileRef = BFC2951919A88012007E9BCD /* KPArticle.m */; };
		BFC2951E19A8950F007E9BCD /* KPAlbum.h in Headers */ = {isa = PBXBuildFile; fileRef = BFC2951C19A8950F007E9BCD /* KPAlbum.h */; };
		BFC2951F19A8950F007E9BCD /* KPAlbum.m in Sources */ = {isa = PBXBuildFile; fileRef = BFC2951D19A8950F007E9BCD /* KPAlbum.m */; };
		BFC2952219A8951B007E9BCD /* KPPhoto.h in Headers */ = {isa = PBXBuildFile; fileRef = BFC2952019A8951B007E9BCD /* KPPhoto.h */; };
		BFC2952319A8951B007E9BCD /* KPPhoto.m in Sources */ = {isa = PBXBuildFile; fileRef = BFC2952119A8951B007E9BCD /* KPPhoto.m */; };
		BFC2952619A89732007E9BCD /* KPPlaylist.h in Headers */ = {isa = PBXBuildFile; fileRef = BFC2952419A89732007E9BCD /* KPPlaylist.h */; };
		BFC2952719A89732007E9BCD /* KPPlaylist.m in Sources */ = {isa = PBXBuildFile; fileRef = BFC2952519A89732007E9BCD /* KPPlaylist.m */; };
		BFC2952A19A89742007E9BCD /* KPVideo.h in Headers */ = {isa = PBXBuildFile; fileRef = BFC2952819A89742007E9BCD /* KPVideo.h */; };
		BFC2952B19A89742007E9BCD /* KPVideo.m in Sources */ = {isa = PBXBuildFile; fileRef = BFC2952919A89742007E9BCD /* KPVideo.m */; };
		BFC2952E19A8B23F007E9BCD /* KPVideoThumbnail.h in Headers */ = {isa = PBXBuildFile; fileRef = BFC2952C19A8B23F007E9BCD /* KPVideoThumbnail.h */; };
		BFC2952F19A8B23F007E9BCD /* KPVideoThumbnail.m in Sources */ = {isa = PBXBuildFile; fileRef = BFC2952D19A8B23F007E9BCD /* KPVideoThumbnail.m */; };
/* End PBXBuildFile section */

/* Begin PBXContainerItemProxy section */
		BF77DD8219A7980A00E3900C /* PBXContainerItemProxy */ = {
			isa = PBXContainerItemProxy;
			containerPortal = BF77DD6419A7980A00E3900C /* Project object */;
			proxyType = 1;
			remoteGlobalIDString = BF77DD6B19A7980A00E3900C;
			remoteInfo = KPSDK;
		};
/* End PBXContainerItemProxy section */

/* Begin PBXCopyFilesBuildPhase section */
		BF77DD6A19A7980A00E3900C /* CopyFiles */ = {
			isa = PBXCopyFilesBuildPhase;
			buildActionMask = 2147483647;
			dstPath = "include/$(PRODUCT_NAME)";
			dstSubfolderSpec = 16;
			files = (
				BF77DD7519A7980A00E3900C /* KPSDK.h in CopyFiles */,
			);
			runOnlyForDeploymentPostprocessing = 0;
		};
/* End PBXCopyFilesBuildPhase section */

/* Begin PBXFileReference section */
		67F20EC07DB84DA0A7AD39FD /* libPods-KPSDK.a */ = {isa = PBXFileReference; explicitFileType = archive.ar; includeInIndex = 0; path = "libPods-KPSDK.a"; sourceTree = BUILT_PRODUCTS_DIR; };
		6B9780D5C7AD437C982A66FB /* libPods-KPSDKTests.a */ = {isa = PBXFileReference; explicitFileType = archive.ar; includeInIndex = 0; path = "libPods-KPSDKTests.a"; sourceTree = BUILT_PRODUCTS_DIR; };
		A9047C23353C45D5832DFFE3 /* Pods.xcconfig */ = {isa = PBXFileReference; includeInIndex = 1; lastKnownFileType = text.xcconfig; name = Pods.xcconfig; path = Pods/Pods.xcconfig; sourceTree = "<group>"; };
		BF77DD6C19A7980A00E3900C /* libKPSDK.a */ = {isa = PBXFileReference; explicitFileType = archive.ar; includeInIndex = 0; path = libKPSDK.a; sourceTree = BUILT_PRODUCTS_DIR; };
		BF77DD6F19A7980A00E3900C /* Foundation.framework */ = {isa = PBXFileReference; lastKnownFileType = wrapper.framework; name = Foundation.framework; path = System/Library/Frameworks/Foundation.framework; sourceTree = SDKROOT; };
		BF77DD7319A7980A00E3900C /* KPSDK-Prefix.pch */ = {isa = PBXFileReference; lastKnownFileType = sourcecode.c.h; path = "KPSDK-Prefix.pch"; sourceTree = "<group>"; };
		BF77DD7419A7980A00E3900C /* KPSDK.h */ = {isa = PBXFileReference; lastKnownFileType = sourcecode.c.h; path = KPSDK.h; sourceTree = "<group>"; };
		BF77DD7C19A7980A00E3900C /* KPSDKTests.xctest */ = {isa = PBXFileReference; explicitFileType = wrapper.cfbundle; includeInIndex = 0; path = KPSDKTests.xctest; sourceTree = BUILT_PRODUCTS_DIR; };
		BF77DD7D19A7980A00E3900C /* XCTest.framework */ = {isa = PBXFileReference; lastKnownFileType = wrapper.framework; name = XCTest.framework; path = Library/Frameworks/XCTest.framework; sourceTree = DEVELOPER_DIR; };
		BF77DD8019A7980A00E3900C /* UIKit.framework */ = {isa = PBXFileReference; lastKnownFileType = wrapper.framework; name = UIKit.framework; path = Library/Frameworks/UIKit.framework; sourceTree = DEVELOPER_DIR; };
		BF77DD8719A7980A00E3900C /* KPSDKTests-Info.plist */ = {isa = PBXFileReference; lastKnownFileType = text.plist.xml; path = "KPSDKTests-Info.plist"; sourceTree = "<group>"; };
		BF77DD8919A7980A00E3900C /* en */ = {isa = PBXFileReference; lastKnownFileType = text.plist.strings; name = en; path = en.lproj/InfoPlist.strings; sourceTree = "<group>"; };
		BF77DD8B19A7980A00E3900C /* KPSDKTests.m */ = {isa = PBXFileReference; lastKnownFileType = sourcecode.c.objc; path = KPSDKTests.m; sourceTree = "<group>"; };
		BF77DD9519A7A7B700E3900C /* KPObject.h */ = {isa = PBXFileReference; fileEncoding = 4; lastKnownFileType = sourcecode.c.h; path = KPObject.h; sourceTree = "<group>"; };
		BF77DD9619A7A7B700E3900C /* KPObject.m */ = {isa = PBXFileReference; fileEncoding = 4; lastKnownFileType = sourcecode.c.objc; path = KPObject.m; sourceTree = "<group>"; };
		BF7CEF9619A7B3AB006C28CB /* KPObjectTests.m */ = {isa = PBXFileReference; fileEncoding = 4; lastKnownFileType = sourcecode.c.objc; path = KPObjectTests.m; sourceTree = "<group>"; };
		BF7CEF9819A814DB006C28CB /* KPSDK.m */ = {isa = PBXFileReference; fileEncoding = 4; lastKnownFileType = sourcecode.c.objc; path = KPSDK.m; sourceTree = "<group>"; };
		BF7CEF9C19A81657006C28CB /* KPDefines.h */ = {isa = PBXFileReference; fileEncoding = 4; lastKnownFileType = sourcecode.c.h; path = KPDefines.h; sourceTree = "<group>"; };
		BF7CEF9D19A81657006C28CB /* KPDefines.m */ = {isa = PBXFileReference; fileEncoding = 4; lastKnownFileType = sourcecode.c.objc; path = KPDefines.m; sourceTree = "<group>"; };
		BF7CEF9F19A81B9D006C28CB /* KPHTTPClient.h */ = {isa = PBXFileReference; fileEncoding = 4; lastKnownFileType = sourcecode.c.h; path = KPHTTPClient.h; sourceTree = "<group>"; };
		BF7CEFA019A81B9D006C28CB /* KPHTTPClient.m */ = {isa = PBXFileReference; fileEncoding = 4; lastKnownFileType = sourcecode.c.objc; path = KPHTTPClient.m; sourceTree = "<group>"; };
		BF7CEFA219A8439F006C28CB /* KPHTTPClientTests.m */ = {isa = PBXFileReference; fileEncoding = 4; lastKnownFileType = sourcecode.c.objc; path = KPHTTPClientTests.m; sourceTree = "<group>"; };
		BFC2951019A86CD3007E9BCD /* KPCategory.h */ = {isa = PBXFileReference; fileEncoding = 4; lastKnownFileType = sourcecode.c.h; path = KPCategory.h; sourceTree = "<group>"; };
		BFC2951119A86CD3007E9BCD /* KPCategory.m */ = {isa = PBXFileReference; fileEncoding = 4; lastKnownFileType = sourcecode.c.objc; path = KPCategory.m; sourceTree = "<group>"; };
		BFC2951619A8729C007E9BCD /* KPCategoryTests.m */ = {isa = PBXFileReference; fileEncoding = 4; lastKnownFileType = sourcecode.c.objc; path = KPCategoryTests.m; sourceTree = "<group>"; };
		BFC2951819A88012007E9BCD /* KPArticle.h */ = {isa = PBXFileReference; fileEncoding = 4; lastKnownFileType = sourcecode.c.h; path = KPArticle.h; sourceTree = "<group>"; };
		BFC2951919A88012007E9BCD /* KPArticle.m */ = {isa = PBXFileReference; fileEncoding = 4; lastKnownFileType = sourcecode.c.objc; path = KPArticle.m; sourceTree = "<group>"; };
		BFC2951C19A8950F007E9BCD /* KPAlbum.h */ = {isa = PBXFileReference; fileEncoding = 4; lastKnownFileType = sourcecode.c.h; path = KPAlbum.h; sourceTree = "<group>"; };
		BFC2951D19A8950F007E9BCD /* KPAlbum.m */ = {isa = PBXFileReference; fileEncoding = 4; lastKnownFileType = sourcecode.c.objc; path = KPAlbum.m; sourceTree = "<group>"; };
		BFC2952019A8951B007E9BCD /* KPPhoto.h */ = {isa = PBXFileReference; fileEncoding = 4; lastKnownFileType = sourcecode.c.h; path = KPPhoto.h; sourceTree = "<group>"; };
		BFC2952119A8951B007E9BCD /* KPPhoto.m */ = {isa = PBXFileReference; fileEncoding = 4; lastKnownFileType = sourcecode.c.objc; path = KPPhoto.m; sourceTree = "<group>"; };
		BFC2952419A89732007E9BCD /* KPPlaylist.h */ = {isa = PBXFileReference; fileEncoding = 4; lastKnownFileType = sourcecode.c.h; path = KPPlaylist.h; sourceTree = "<group>"; };
		BFC2952519A89732007E9BCD /* KPPlaylist.m */ = {isa = PBXFileReference; fileEncoding = 4; lastKnownFileType = sourcecode.c.objc; path = KPPlaylist.m; sourceTree = "<group>"; };
		BFC2952819A89742007E9BCD /* KPVideo.h */ = {isa = PBXFileReference; fileEncoding = 4; lastKnownFileType = sourcecode.c.h; path = KPVideo.h; sourceTree = "<group>"; };
		BFC2952919A89742007E9BCD /* KPVideo.m */ = {isa = PBXFileReference; fileEncoding = 4; lastKnownFileType = sourcecode.c.objc; path = KPVideo.m; sourceTree = "<group>"; };
		BFC2952C19A8B23F007E9BCD /* KPVideoThumbnail.h */ = {isa = PBXFileReference; fileEncoding = 4; lastKnownFileType = sourcecode.c.h; path = KPVideoThumbnail.h; sourceTree = "<group>"; };
		BFC2952D19A8B23F007E9BCD /* KPVideoThumbnail.m */ = {isa = PBXFileReference; fileEncoding = 4; lastKnownFileType = sourcecode.c.objc; path = KPVideoThumbnail.m; sourceTree = "<group>"; };
		C6BE3AFEA8E14D0F99A78F10 /* libPods.a */ = {isa = PBXFileReference; explicitFileType = archive.ar; includeInIndex = 0; path = libPods.a; sourceTree = BUILT_PRODUCTS_DIR; };
/* End PBXFileReference section */

/* Begin PBXFrameworksBuildPhase section */
		BF77DD6919A7980A00E3900C /* Frameworks */ = {
			isa = PBXFrameworksBuildPhase;
			buildActionMask = 2147483647;
			files = (
				BF77DD7019A7980A00E3900C /* Foundation.framework in Frameworks */,
				3E1B74F21D5B47D6AA25C09F /* libPods.a in Frameworks */,
			);
			runOnlyForDeploymentPostprocessing = 0;
		};
		BF77DD7919A7980A00E3900C /* Frameworks */ = {
			isa = PBXFrameworksBuildPhase;
			buildActionMask = 2147483647;
			files = (
				BF77DD7E19A7980A00E3900C /* XCTest.framework in Frameworks */,
				BF77DD8419A7980A00E3900C /* libKPSDK.a in Frameworks */,
				BF77DD8119A7980A00E3900C /* UIKit.framework in Frameworks */,
				BF77DD7F19A7980A00E3900C /* Foundation.framework in Frameworks */,
				7BD0BC7F5AD643A5B36AFB72 /* libPods-KPSDKTests.a in Frameworks */,
			);
			runOnlyForDeploymentPostprocessing = 0;
		};
/* End PBXFrameworksBuildPhase section */

/* Begin PBXGroup section */
		BF77DD6319A7980A00E3900C = {
			isa = PBXGroup;
			children = (
				BF77DD7119A7980A00E3900C /* KPSDK */,
				BF77DD8519A7980A00E3900C /* KPSDKTests */,
				BF77DD6E19A7980A00E3900C /* Frameworks */,
				BF77DD6D19A7980A00E3900C /* Products */,
				A9047C23353C45D5832DFFE3 /* Pods.xcconfig */,
			);
			sourceTree = "<group>";
		};
		BF77DD6D19A7980A00E3900C /* Products */ = {
			isa = PBXGroup;
			children = (
				BF77DD6C19A7980A00E3900C /* libKPSDK.a */,
				BF77DD7C19A7980A00E3900C /* KPSDKTests.xctest */,
			);
			name = Products;
			sourceTree = "<group>";
		};
		BF77DD6E19A7980A00E3900C /* Frameworks */ = {
			isa = PBXGroup;
			children = (
				BF77DD6F19A7980A00E3900C /* Foundation.framework */,
				BF77DD7D19A7980A00E3900C /* XCTest.framework */,
				BF77DD8019A7980A00E3900C /* UIKit.framework */,
				C6BE3AFEA8E14D0F99A78F10 /* libPods.a */,
				6B9780D5C7AD437C982A66FB /* libPods-KPSDKTests.a */,
				67F20EC07DB84DA0A7AD39FD /* libPods-KPSDK.a */,
			);
			name = Frameworks;
			sourceTree = "<group>";
		};
		BF77DD7119A7980A00E3900C /* KPSDK */ = {
			isa = PBXGroup;
			children = (
				BF7CEF9C19A81657006C28CB /* KPDefines.h */,
				BF7CEF9D19A81657006C28CB /* KPDefines.m */,
				BF77DD7419A7980A00E3900C /* KPSDK.h */,
				BF7CEF9819A814DB006C28CB /* KPSDK.m */,
				BF7CEF9F19A81B9D006C28CB /* KPHTTPClient.h */,
				BF7CEFA019A81B9D006C28CB /* KPHTTPClient.m */,
				BF77DD9519A7A7B700E3900C /* KPObject.h */,
				BF77DD9619A7A7B700E3900C /* KPObject.m */,
				BFC2951019A86CD3007E9BCD /* KPCategory.h */,
				BFC2951119A86CD3007E9BCD /* KPCategory.m */,
				BFC2951819A88012007E9BCD /* KPArticle.h */,
				BFC2951919A88012007E9BCD /* KPArticle.m */,
				BFC2951C19A8950F007E9BCD /* KPAlbum.h */,
				BFC2951D19A8950F007E9BCD /* KPAlbum.m */,
				BFC2952019A8951B007E9BCD /* KPPhoto.h */,
				BFC2952119A8951B007E9BCD /* KPPhoto.m */,
				BFC2952419A89732007E9BCD /* KPPlaylist.h */,
				BFC2952519A89732007E9BCD /* KPPlaylist.m */,
				BFC2952819A89742007E9BCD /* KPVideo.h */,
				BFC2952919A89742007E9BCD /* KPVideo.m */,
				BFC2952C19A8B23F007E9BCD /* KPVideoThumbnail.h */,
				BFC2952D19A8B23F007E9BCD /* KPVideoThumbnail.m */,
				BF77DD7219A7980A00E3900C /* Supporting Files */,
			);
			path = KPSDK;
			sourceTree = "<group>";
		};
		BF77DD7219A7980A00E3900C /* Supporting Files */ = {
			isa = PBXGroup;
			children = (
				BF77DD7319A7980A00E3900C /* KPSDK-Prefix.pch */,
			);
			name = "Supporting Files";
			sourceTree = "<group>";
		};
		BF77DD8519A7980A00E3900C /* KPSDKTests */ = {
			isa = PBXGroup;
			children = (
				BF77DD8B19A7980A00E3900C /* KPSDKTests.m */,
				BF7CEF9619A7B3AB006C28CB /* KPObjectTests.m */,
				BF7CEFA219A8439F006C28CB /* KPHTTPClientTests.m */,
				BFC2951619A8729C007E9BCD /* KPCategoryTests.m */,
				BF77DD8619A7980A00E3900C /* Supporting Files */,
			);
			path = KPSDKTests;
			sourceTree = "<group>";
		};
		BF77DD8619A7980A00E3900C /* Supporting Files */ = {
			isa = PBXGroup;
			children = (
				BF77DD8719A7980A00E3900C /* KPSDKTests-Info.plist */,
				BF77DD8819A7980A00E3900C /* InfoPlist.strings */,
			);
			name = "Supporting Files";
			sourceTree = "<group>";
		};
/* End PBXGroup section */

/* Begin PBXHeadersBuildPhase section */
		BFC2950B19A8509D007E9BCD /* Headers */ = {
			isa = PBXHeadersBuildPhase;
			buildActionMask = 2147483647;
			files = (
				BFC2950C19A850B3007E9BCD /* KPDefines.h in Headers */,
				BFC2952619A89732007E9BCD /* KPPlaylist.h in Headers */,
				BFC2951E19A8950F007E9BCD /* KPAlbum.h in Headers */,
				BFC2950D19A850B3007E9BCD /* KPSDK.h in Headers */,
				BFC2950E19A850B3007E9BCD /* KPHTTPClient.h in Headers */,
				BFC2952A19A89742007E9BCD /* KPVideo.h in Headers */,
				BFC2952E19A8B23F007E9BCD /* KPVideoThumbnail.h in Headers */,
				BFC2952219A8951B007E9BCD /* KPPhoto.h in Headers */,
				BFC2950F19A850B3007E9BCD /* KPObject.h in Headers */,
				BFC2951A19A88012007E9BCD /* KPArticle.h in Headers */,
				BFC2951219A86CD3007E9BCD /* KPCategory.h in Headers */,
			);
			runOnlyForDeploymentPostprocessing = 0;
		};
/* End PBXHeadersBuildPhase section */

/* Begin PBXNativeTarget section */
		BF77DD6B19A7980A00E3900C /* KPSDK */ = {
			isa = PBXNativeTarget;
			buildConfigurationList = BF77DD8F19A7980A00E3900C /* Build configuration list for PBXNativeTarget "KPSDK" */;
			buildPhases = (
				82333233B25A48BBBA00E393 /* Check Pods Manifest.lock */,
				BF77DD6819A7980A00E3900C /* Sources */,
				BF77DD6919A7980A00E3900C /* Frameworks */,
				BF77DD6A19A7980A00E3900C /* CopyFiles */,
				070841314F04491F920D37A1 /* Copy Pods Resources */,
				BFC2950B19A8509D007E9BCD /* Headers */,
			);
			buildRules = (
			);
			dependencies = (
			);
			name = KPSDK;
			productName = KPSDK;
			productReference = BF77DD6C19A7980A00E3900C /* libKPSDK.a */;
			productType = "com.apple.product-type.library.static";
		};
		BF77DD7B19A7980A00E3900C /* KPSDKTests */ = {
			isa = PBXNativeTarget;
			buildConfigurationList = BF77DD9219A7980A00E3900C /* Build configuration list for PBXNativeTarget "KPSDKTests" */;
			buildPhases = (
				9E84CE7EBBF34869828CF4F6 /* Check Pods Manifest.lock */,
				BF77DD7819A7980A00E3900C /* Sources */,
				BF77DD7919A7980A00E3900C /* Frameworks */,
				BF77DD7A19A7980A00E3900C /* Resources */,
				B44811CACACA4C96AB7CD88C /* Copy Pods Resources */,
			);
			buildRules = (
			);
			dependencies = (
				BF77DD8319A7980A00E3900C /* PBXTargetDependency */,
			);
			name = KPSDKTests;
			productName = KPSDKTests;
			productReference = BF77DD7C19A7980A00E3900C /* KPSDKTests.xctest */;
			productType = "com.apple.product-type.bundle.unit-test";
		};
/* End PBXNativeTarget section */

/* Begin PBXProject section */
		BF77DD6419A7980A00E3900C /* Project object */ = {
			isa = PBXProject;
			attributes = {
				LastUpgradeCheck = 0510;
				ORGANIZATIONNAME = "Vincent Chen";
			};
			buildConfigurationList = BF77DD6719A7980A00E3900C /* Build configuration list for PBXProject "KPSDK" */;
			compatibilityVersion = "Xcode 3.2";
			developmentRegion = English;
			hasScannedForEncodings = 0;
			knownRegions = (
				en,
			);
			mainGroup = BF77DD6319A7980A00E3900C;
			productRefGroup = BF77DD6D19A7980A00E3900C /* Products */;
			projectDirPath = "";
			projectRoot = "";
			targets = (
				BF77DD6B19A7980A00E3900C /* KPSDK */,
				BF77DD7B19A7980A00E3900C /* KPSDKTests */,
			);
		};
/* End PBXProject section */

/* Begin PBXResourcesBuildPhase section */
		BF77DD7A19A7980A00E3900C /* Resources */ = {
			isa = PBXResourcesBuildPhase;
			buildActionMask = 2147483647;
			files = (
				BF77DD8A19A7980A00E3900C /* InfoPlist.strings in Resources */,
			);
			runOnlyForDeploymentPostprocessing = 0;
		};
/* End PBXResourcesBuildPhase section */

/* Begin PBXShellScriptBuildPhase section */
		070841314F04491F920D37A1 /* Copy Pods Resources */ = {
			isa = PBXShellScriptBuildPhase;
			buildActionMask = 2147483647;
			files = (
			);
			inputPaths = (
			);
			name = "Copy Pods Resources";
			outputPaths = (
			);
			runOnlyForDeploymentPostprocessing = 0;
			shellPath = /bin/sh;
			shellScript = "\"${SRCROOT}/Pods/Pods-KPSDK-resources.sh\"\n";
			showEnvVarsInLog = 0;
		};
		82333233B25A48BBBA00E393 /* Check Pods Manifest.lock */ = {
			isa = PBXShellScriptBuildPhase;
			buildActionMask = 2147483647;
			files = (
			);
			inputPaths = (
			);
			name = "Check Pods Manifest.lock";
			outputPaths = (
			);
			runOnlyForDeploymentPostprocessing = 0;
			shellPath = /bin/sh;
			shellScript = "diff \"${PODS_ROOT}/../Podfile.lock\" \"${PODS_ROOT}/Manifest.lock\" > /dev/null\nif [[ $? != 0 ]] ; then\n    cat << EOM\nerror: The sandbox is not in sync with the Podfile.lock. Run 'pod install' or update your CocoaPods installation.\nEOM\n    exit 1\nfi\n";
			showEnvVarsInLog = 0;
		};
		9E84CE7EBBF34869828CF4F6 /* Check Pods Manifest.lock */ = {
			isa = PBXShellScriptBuildPhase;
			buildActionMask = 2147483647;
			files = (
			);
			inputPaths = (
			);
			name = "Check Pods Manifest.lock";
			outputPaths = (
			);
			runOnlyForDeploymentPostprocessing = 0;
			shellPath = /bin/sh;
			shellScript = "diff \"${PODS_ROOT}/../Podfile.lock\" \"${PODS_ROOT}/Manifest.lock\" > /dev/null\nif [[ $? != 0 ]] ; then\n    cat << EOM\nerror: The sandbox is not in sync with the Podfile.lock. Run 'pod install' or update your CocoaPods installation.\nEOM\n    exit 1\nfi\n";
			showEnvVarsInLog = 0;
		};
		B44811CACACA4C96AB7CD88C /* Copy Pods Resources */ = {
			isa = PBXShellScriptBuildPhase;
			buildActionMask = 2147483647;
			files = (
			);
			inputPaths = (
			);
			name = "Copy Pods Resources";
			outputPaths = (
			);
			runOnlyForDeploymentPostprocessing = 0;
			shellPath = /bin/sh;
			shellScript = "\"${SRCROOT}/Pods/Pods-KPSDKTests-resources.sh\"\n";
			showEnvVarsInLog = 0;
		};
/* End PBXShellScriptBuildPhase section */

/* Begin PBXSourcesBuildPhase section */
		BF77DD6819A7980A00E3900C /* Sources */ = {
			isa = PBXSourcesBuildPhase;
			buildActionMask = 2147483647;
			files = (
				BFC2952B19A89742007E9BCD /* KPVideo.m in Sources */,
				BF77DD9719A7A7B700E3900C /* KPObject.m in Sources */,
				BFC2952319A8951B007E9BCD /* KPPhoto.m in Sources */,
				BFC2952719A89732007E9BCD /* KPPlaylist.m in Sources */,
				BFC2952F19A8B23F007E9BCD /* KPVideoThumbnail.m in Sources */,
				BFC2951B19A88012007E9BCD /* KPArticle.m in Sources */,
				BF7CEF9E19A81657006C28CB /* KPDefines.m in Sources */,
				BF7CEF9919A814DB006C28CB /* KPSDK.m in Sources */,
				BFC2951F19A8950F007E9BCD /* KPAlbum.m in Sources */,
				BF7CEFA119A81B9D006C28CB /* KPHTTPClient.m in Sources */,
				BFC2951319A86CD3007E9BCD /* KPCategory.m in Sources */,
			);
			runOnlyForDeploymentPostprocessing = 0;
		};
		BF77DD7819A7980A00E3900C /* Sources */ = {
			isa = PBXSourcesBuildPhase;
			buildActionMask = 2147483647;
			files = (
				BFC2951719A8729C007E9BCD /* KPCategoryTests.m in Sources */,
				BF77DD8C19A7980A00E3900C /* KPSDKTests.m in Sources */,
				BF7CEFA319A8439F006C28CB /* KPHTTPClientTests.m in Sources */,
				BF7CEF9719A7B3AB006C28CB /* KPObjectTests.m in Sources */,
			);
			runOnlyForDeploymentPostprocessing = 0;
		};
/* End PBXSourcesBuildPhase section */

/* Begin PBXTargetDependency section */
		BF77DD8319A7980A00E3900C /* PBXTargetDependency */ = {
			isa = PBXTargetDependency;
			target = BF77DD6B19A7980A00E3900C /* KPSDK */;
			targetProxy = BF77DD8219A7980A00E3900C /* PBXContainerItemProxy */;
		};
/* End PBXTargetDependency section */

/* Begin PBXVariantGroup section */
		BF77DD8819A7980A00E3900C /* InfoPlist.strings */ = {
			isa = PBXVariantGroup;
			children = (
				BF77DD8919A7980A00E3900C /* en */,
			);
			name = InfoPlist.strings;
			sourceTree = "<group>";
		};
/* End PBXVariantGroup section */

/* Begin XCBuildConfiguration section */
		BF77DD8D19A7980A00E3900C /* Debug */ = {
			isa = XCBuildConfiguration;
			buildSettings = {
				ALWAYS_SEARCH_USER_PATHS = NO;
				CLANG_CXX_LANGUAGE_STANDARD = "gnu++0x";
				CLANG_CXX_LIBRARY = "libc++";
				CLANG_ENABLE_MODULES = YES;
				CLANG_ENABLE_OBJC_ARC = YES;
				CLANG_WARN_BOOL_CONVERSION = YES;
				CLANG_WARN_CONSTANT_CONVERSION = YES;
				CLANG_WARN_DIRECT_OBJC_ISA_USAGE = YES_ERROR;
				CLANG_WARN_EMPTY_BODY = YES;
				CLANG_WARN_ENUM_CONVERSION = YES;
				CLANG_WARN_INT_CONVERSION = YES;
				CLANG_WARN_OBJC_ROOT_CLASS = YES_ERROR;
				CLANG_WARN__DUPLICATE_METHOD_MATCH = YES;
				COPY_PHASE_STRIP = NO;
				GCC_C_LANGUAGE_STANDARD = gnu99;
				GCC_DYNAMIC_NO_PIC = NO;
				GCC_OPTIMIZATION_LEVEL = 0;
				GCC_PREPROCESSOR_DEFINITIONS = (
					"DEBUG=1",
					"$(inherited)",
				);
				GCC_SYMBOLS_PRIVATE_EXTERN = NO;
				GCC_WARN_64_TO_32_BIT_CONVERSION = YES;
				GCC_WARN_ABOUT_RETURN_TYPE = YES_ERROR;
				GCC_WARN_UNDECLARED_SELECTOR = YES;
				GCC_WARN_UNINITIALIZED_AUTOS = YES_AGGRESSIVE;
				GCC_WARN_UNUSED_FUNCTION = YES;
				GCC_WARN_UNUSED_VARIABLE = YES;
				IPHONEOS_DEPLOYMENT_TARGET = 7.1;
				ONLY_ACTIVE_ARCH = YES;
				SDKROOT = iphoneos;
			};
			name = Debug;
		};
		BF77DD8E19A7980A00E3900C /* Release */ = {
			isa = XCBuildConfiguration;
			buildSettings = {
				ALWAYS_SEARCH_USER_PATHS = NO;
				CLANG_CXX_LANGUAGE_STANDARD = "gnu++0x";
				CLANG_CXX_LIBRARY = "libc++";
				CLANG_ENABLE_MODULES = YES;
				CLANG_ENABLE_OBJC_ARC = YES;
				CLANG_WARN_BOOL_CONVERSION = YES;
				CLANG_WARN_CONSTANT_CONVERSION = YES;
				CLANG_WARN_DIRECT_OBJC_ISA_USAGE = YES_ERROR;
				CLANG_WARN_EMPTY_BODY = YES;
				CLANG_WARN_ENUM_CONVERSION = YES;
				CLANG_WARN_INT_CONVERSION = YES;
				CLANG_WARN_OBJC_ROOT_CLASS = YES_ERROR;
				CLANG_WARN__DUPLICATE_METHOD_MATCH = YES;
				COPY_PHASE_STRIP = YES;
				ENABLE_NS_ASSERTIONS = NO;
				GCC_C_LANGUAGE_STANDARD = gnu99;
				GCC_WARN_64_TO_32_BIT_CONVERSION = YES;
				GCC_WARN_ABOUT_RETURN_TYPE = YES_ERROR;
				GCC_WARN_UNDECLARED_SELECTOR = YES;
				GCC_WARN_UNINITIALIZED_AUTOS = YES_AGGRESSIVE;
				GCC_WARN_UNUSED_FUNCTION = YES;
				GCC_WARN_UNUSED_VARIABLE = YES;
				IPHONEOS_DEPLOYMENT_TARGET = 7.1;
				SDKROOT = iphoneos;
				VALIDATE_PRODUCT = YES;
			};
			name = Release;
		};
		BF77DD9019A7980A00E3900C /* Debug */ = {
			isa = XCBuildConfiguration;
			baseConfigurationReference = A9047C23353C45D5832DFFE3 /* Pods.xcconfig */;
			buildSettings = {
				DSTROOT = /tmp/KPSDK.dst;
				GCC_PRECOMPILE_PREFIX_HEADER = YES;
				GCC_PREFIX_HEADER = "KPSDK/KPSDK-Prefix.pch";
				OTHER_LDFLAGS = "-ObjC";
				PRODUCT_NAME = "$(TARGET_NAME)";
				SKIP_INSTALL = YES;
			};
			name = Debug;
		};
		BF77DD9119A7980A00E3900C /* Release */ = {
			isa = XCBuildConfiguration;
			baseConfigurationReference = A9047C23353C45D5832DFFE3 /* Pods.xcconfig */;
			buildSettings = {
				DSTROOT = /tmp/KPSDK.dst;
				GCC_PRECOMPILE_PREFIX_HEADER = YES;
				GCC_PREFIX_HEADER = "KPSDK/KPSDK-Prefix.pch";
				OTHER_LDFLAGS = "-ObjC";
				PRODUCT_NAME = "$(TARGET_NAME)";
				SKIP_INSTALL = YES;
			};
			name = Release;
		};
		BF77DD9319A7980A00E3900C /* Debug */ = {
			isa = XCBuildConfiguration;
			baseConfigurationReference = A9047C23353C45D5832DFFE3 /* Pods.xcconfig */;
			buildSettings = {
				FRAMEWORK_SEARCH_PATHS = (
					"$(SDKROOT)/Developer/Library/Frameworks",
					"$(inherited)",
					"$(DEVELOPER_FRAMEWORKS_DIR)",
				);
				GCC_PRECOMPILE_PREFIX_HEADER = YES;
				GCC_PREFIX_HEADER = "KPSDK/KPSDK-Prefix.pch";
				GCC_PREPROCESSOR_DEFINITIONS = (
					"DEBUG=1",
					"$(inherited)",
				);
				HEADER_SEARCH_PATHS = (
					"$(inherited)",
					"${PODS_HEADERS_SEARCH_PATHS}",
					/Applications/Xcode.app/Contents/Developer/Toolchains/XcodeDefault.xctoolchain/usr/include,
				);
				INFOPLIST_FILE = "KPSDKTests/KPSDKTests-Info.plist";
				PRODUCT_NAME = "$(TARGET_NAME)";
				WRAPPER_EXTENSION = xctest;
			};
			name = Debug;
		};
		BF77DD9419A7980A00E3900C /* Release */ = {
			isa = XCBuildConfiguration;
			baseConfigurationReference = A9047C23353C45D5832DFFE3 /* Pods.xcconfig */;
			buildSettings = {
				FRAMEWORK_SEARCH_PATHS = (
					"$(SDKROOT)/Developer/Library/Frameworks",
					"$(inherited)",
					"$(DEVELOPER_FRAMEWORKS_DIR)",
				);
				GCC_PRECOMPILE_PREFIX_HEADER = YES;
				GCC_PREFIX_HEADER = "KPSDK/KPSDK-Prefix.pch";
				HEADER_SEARCH_PATHS = (
					"$(inherited)",
					"${PODS_HEADERS_SEARCH_PATHS}",
					/Applications/Xcode.app/Contents/Developer/Toolchains/XcodeDefault.xctoolchain/usr/include,
				);
				INFOPLIST_FILE = "KPSDKTests/KPSDKTests-Info.plist";
				PRODUCT_NAME = "$(TARGET_NAME)";
				WRAPPER_EXTENSION = xctest;
			};
			name = Release;
		};
/* End XCBuildConfiguration section */

/* Begin XCConfigurationList section */
		BF77DD6719A7980A00E3900C /* Build configuration list for PBXProject "KPSDK" */ = {
			isa = XCConfigurationList;
			buildConfigurations = (
				BF77DD8D19A7980A00E3900C /* Debug */,
				BF77DD8E19A7980A00E3900C /* Release */,
			);
			defaultConfigurationIsVisible = 0;
			defaultConfigurationName = Release;
		};
		BF77DD8F19A7980A00E3900C /* Build configuration list for PBXNativeTarget "KPSDK" */ = {
			isa = XCConfigurationList;
			buildConfigurations = (
				BF77DD9019A7980A00E3900C /* Debug */,
				BF77DD9119A7980A00E3900C /* Release */,
			);
			defaultConfigurationIsVisible = 0;
			defaultConfigurationName = Release;
		};
		BF77DD9219A7980A00E3900C /* Build configuration list for PBXNativeTarget "KPSDKTests" */ = {
			isa = XCConfigurationList;
			buildConfigurations = (
				BF77DD9319A7980A00E3900C /* Debug */,
				BF77DD9419A7980A00E3900C /* Release */,
			);
			defaultConfigurationIsVisible = 0;
			defaultConfigurationName = Release;
		};
/* End XCConfigurationList section */
	};
	rootObject = BF77DD6419A7980A00E3900C /* Project object */;
}
